// !$*UTF8*$!
{
	archiveVersion = 1;
	classes = {
	};
	objectVersion = 46;
	objects = {

/* Begin PBXBuildFile section */
		0F87C86819B126FA00E79260 /* Foundation.framework in Frameworks */ = {isa = PBXBuildFile; fileRef = 0F87C86719B126FA00E79260 /* Foundation.framework */; };
		0F87C86A19B126FA00E79260 /* CoreGraphics.framework in Frameworks */ = {isa = PBXBuildFile; fileRef = 0F87C86919B126FA00E79260 /* CoreGraphics.framework */; };
		0F87C86C19B126FA00E79260 /* UIKit.framework in Frameworks */ = {isa = PBXBuildFile; fileRef = 0F87C86B19B126FA00E79260 /* UIKit.framework */; };
		0F87C87219B126FA00E79260 /* InfoPlist.strings in Resources */ = {isa = PBXBuildFile; fileRef = 0F87C87019B126FA00E79260 /* InfoPlist.strings */; };
		0F87C87419B126FA00E79260 /* main.m in Sources */ = {isa = PBXBuildFile; fileRef = 0F87C87319B126FA00E79260 /* main.m */; };
		0F87C87819B126FA00E79260 /* PGAppDelegate.m in Sources */ = {isa = PBXBuildFile; fileRef = 0F87C87719B126FA00E79260 /* PGAppDelegate.m */; };
		0F87C87A19B126FA00E79260 /* Images.xcassets in Resources */ = {isa = PBXBuildFile; fileRef = 0F87C87919B126FA00E79260 /* Images.xcassets */; };
		0F87C88119B126FA00E79260 /* XCTest.framework in Frameworks */ = {isa = PBXBuildFile; fileRef = 0F87C88019B126FA00E79260 /* XCTest.framework */; };
		0F87C88219B126FA00E79260 /* Foundation.framework in Frameworks */ = {isa = PBXBuildFile; fileRef = 0F87C86719B126FA00E79260 /* Foundation.framework */; };
		0F87C88319B126FA00E79260 /* UIKit.framework in Frameworks */ = {isa = PBXBuildFile; fileRef = 0F87C86B19B126FA00E79260 /* UIKit.framework */; };
		0F87C88B19B126FA00E79260 /* InfoPlist.strings in Resources */ = {isa = PBXBuildFile; fileRef = 0F87C88919B126FA00E79260 /* InfoPlist.strings */; };
		0F87C88D19B126FA00E79260 /* PGCoreImageTests.m in Sources */ = {isa = PBXBuildFile; fileRef = 0F87C88C19B126FA00E79260 /* PGCoreImageTests.m */; };
		0F87C89719B1387300E79260 /* CoreImage.framework in Frameworks */ = {isa = PBXBuildFile; fileRef = 0F87C89619B1387300E79260 /* CoreImage.framework */; };
		0F87C89A19B1396100E79260 /* PGImageViewController.m in Sources */ = {isa = PBXBuildFile; fileRef = 0F87C89919B1396100E79260 /* PGImageViewController.m */; };
		0FA65CE519BE362300021F0F /* preset-1.jpg in Resources */ = {isa = PBXBuildFile; fileRef = 0FA65CE419BE362300021F0F /* preset-1.jpg */; };
		0FA65CE719BE36F100021F0F /* preset-2.jpg in Resources */ = {isa = PBXBuildFile; fileRef = 0FA65CE619BE36F100021F0F /* preset-2.jpg */; };
		0FA65CE919BE38E400021F0F /* preset-3.jpg in Resources */ = {isa = PBXBuildFile; fileRef = 0FA65CE819BE38E400021F0F /* preset-3.jpg */; };
		DBE4FD765AB841C68228F6F3 /* libPods.a in Frameworks */ = {isa = PBXBuildFile; fileRef = 92762649BDA949DEB0251B6D /* libPods.a */; };
/* End PBXBuildFile section */

/* Begin PBXContainerItemProxy section */
		0F87C88419B126FA00E79260 /* PBXContainerItemProxy */ = {
			isa = PBXContainerItemProxy;
			containerPortal = 0F87C85C19B126FA00E79260 /* Project object */;
			proxyType = 1;
			remoteGlobalIDString = 0F87C86319B126FA00E79260;
			remoteInfo = PGCoreImage;
		};
/* End PBXContainerItemProxy section */

/* Begin PBXFileReference section */
		0F87C86419B126FA00E79260 /* PGCoreImage.app */ = {isa = PBXFileReference; explicitFileType = wrapper.application; includeInIndex = 0; path = PGCoreImage.app; sourceTree = BUILT_PRODUCTS_DIR; };
		0F87C86719B126FA00E79260 /* Foundation.framework */ = {isa = PBXFileReference; lastKnownFileType = wrapper.framework; name = Foundation.framework; path = System/Library/Frameworks/Foundation.framework; sourceTree = SDKROOT; };
		0F87C86919B126FA00E79260 /* CoreGraphics.framework */ = {isa = PBXFileReference; lastKnownFileType = wrapper.framework; name = CoreGraphics.framework; path = System/Library/Frameworks/CoreGraphics.framework; sourceTree = SDKROOT; };
		0F87C86B19B126FA00E79260 /* UIKit.framework */ = {isa = PBXFileReference; lastKnownFileType = wrapper.framework; name = UIKit.framework; path = System/Library/Frameworks/UIKit.framework; sourceTree = SDKROOT; };
		0F87C86F19B126FA00E79260 /* PGCoreImage-Info.plist */ = {isa = PBXFileReference; lastKnownFileType = text.plist.xml; path = "PGCoreImage-Info.plist"; sourceTree = "<group>"; };
		0F87C87119B126FA00E79260 /* en */ = {isa = PBXFileReference; lastKnownFileType = text.plist.strings; name = en; path = en.lproj/InfoPlist.strings; sourceTree = "<group>"; };
		0F87C87319B126FA00E79260 /* main.m */ = {isa = PBXFileReference; lastKnownFileType = sourcecode.c.objc; path = main.m; sourceTree = "<group>"; };
		0F87C87519B126FA00E79260 /* PGCoreImage-Prefix.pch */ = {isa = PBXFileReference; lastKnownFileType = sourcecode.c.h; path = "PGCoreImage-Prefix.pch"; sourceTree = "<group>"; };
		0F87C87619B126FA00E79260 /* PGAppDelegate.h */ = {isa = PBXFileReference; lastKnownFileType = sourcecode.c.h; path = PGAppDelegate.h; sourceTree = "<group>"; };
		0F87C87719B126FA00E79260 /* PGAppDelegate.m */ = {isa = PBXFileReference; lastKnownFileType = sourcecode.c.objc; path = PGAppDelegate.m; sourceTree = "<group>"; };
		0F87C87919B126FA00E79260 /* Images.xcassets */ = {isa = PBXFileReference; lastKnownFileType = folder.assetcatalog; path = Images.xcassets; sourceTree = "<group>"; };
		0F87C87F19B126FA00E79260 /* PGCoreImageTests.xctest */ = {isa = PBXFileReference; explicitFileType = wrapper.cfbundle; includeInIndex = 0; path = PGCoreImageTests.xctest; sourceTree = BUILT_PRODUCTS_DIR; };
		0F87C88019B126FA00E79260 /* XCTest.framework */ = {isa = PBXFileReference; lastKnownFileType = wrapper.framework; name = XCTest.framework; path = Library/Frameworks/XCTest.framework; sourceTree = DEVELOPER_DIR; };
		0F87C88819B126FA00E79260 /* PGCoreImageTests-Info.plist */ = {isa = PBXFileReference; lastKnownFileType = text.plist.xml; path = "PGCoreImageTests-Info.plist"; sourceTree = "<group>"; };
		0F87C88A19B126FA00E79260 /* en */ = {isa = PBXFileReference; lastKnownFileType = text.plist.strings; name = en; path = en.lproj/InfoPlist.strings; sourceTree = "<group>"; };
		0F87C88C19B126FA00E79260 /* PGCoreImageTests.m */ = {isa = PBXFileReference; lastKnownFileType = sourcecode.c.objc; path = PGCoreImageTests.m; sourceTree = "<group>"; };
		0F87C89619B1387300E79260 /* CoreImage.framework */ = {isa = PBXFileReference; lastKnownFileType = wrapper.framework; name = CoreImage.framework; path = System/Library/Frameworks/CoreImage.framework; sourceTree = SDKROOT; };
		0F87C89819B1396100E79260 /* PGImageViewController.h */ = {isa = PBXFileReference; fileEncoding = 4; lastKnownFileType = sourcecode.c.h; path = PGImageViewController.h; sourceTree = "<group>"; };
		0F87C89919B1396100E79260 /* PGImageViewController.m */ = {isa = PBXFileReference; fileEncoding = 4; lastKnownFileType = sourcecode.c.objc; path = PGImageViewController.m; sourceTree = "<group>"; };
		0FA65CE419BE362300021F0F /* preset-1.jpg */ = {isa = PBXFileReference; lastKnownFileType = image.jpeg; path = "preset-1.jpg"; sourceTree = "<group>"; };
		0FA65CE619BE36F100021F0F /* preset-2.jpg */ = {isa = PBXFileReference; lastKnownFileType = image.jpeg; path = "preset-2.jpg"; sourceTree = "<group>"; };
		0FA65CE819BE38E400021F0F /* preset-3.jpg */ = {isa = PBXFileReference; lastKnownFileType = image.jpeg; path = "preset-3.jpg"; sourceTree = "<group>"; };
		6CDD81E96DC0487A96377ECA /* Pods.xcconfig */ = {isa = PBXFileReference; includeInIndex = 1; lastKnownFileType = text.xcconfig; name = Pods.xcconfig; path = Pods/Pods.xcconfig; sourceTree = "<group>"; };
		92762649BDA949DEB0251B6D /* libPods.a */ = {isa = PBXFileReference; explicitFileType = archive.ar; includeInIndex = 0; path = libPods.a; sourceTree = BUILT_PRODUCTS_DIR; };
/* End PBXFileReference section */

/* Begin PBXFrameworksBuildPhase section */
		0F87C86119B126FA00E79260 /* Frameworks */ = {
			isa = PBXFrameworksBuildPhase;
			buildActionMask = 2147483647;
			files = (
				0F87C89719B1387300E79260 /* CoreImage.framework in Frameworks */,
				0F87C86A19B126FA00E79260 /* CoreGraphics.framework in Frameworks */,
				0F87C86C19B126FA00E79260 /* UIKit.framework in Frameworks */,
				0F87C86819B126FA00E79260 /* Foundation.framework in Frameworks */,
				DBE4FD765AB841C68228F6F3 /* libPods.a in Frameworks */,
			);
			runOnlyForDeploymentPostprocessing = 0;
		};
		0F87C87C19B126FA00E79260 /* Frameworks */ = {
			isa = PBXFrameworksBuildPhase;
			buildActionMask = 2147483647;
			files = (
				0F87C88119B126FA00E79260 /* XCTest.framework in Frameworks */,
				0F87C88319B126FA00E79260 /* UIKit.framework in Frameworks */,
				0F87C88219B126FA00E79260 /* Foundation.framework in Frameworks */,
			);
			runOnlyForDeploymentPostprocessing = 0;
		};
/* End PBXFrameworksBuildPhase section */

/* Begin PBXGroup section */
		0F87C85B19B126FA00E79260 = {
			isa = PBXGroup;
			children = (
				0F87C86D19B126FA00E79260 /* PGCoreImage */,
				0F87C88619B126FA00E79260 /* PGCoreImageTests */,
				0F87C86619B126FA00E79260 /* Frameworks */,
				0F87C86519B126FA00E79260 /* Products */,
				6CDD81E96DC0487A96377ECA /* Pods.xcconfig */,
			);
			sourceTree = "<group>";
		};
		0F87C86519B126FA00E79260 /* Products */ = {
			isa = PBXGroup;
			children = (
				0F87C86419B126FA00E79260 /* PGCoreImage.app */,
				0F87C87F19B126FA00E79260 /* PGCoreImageTests.xctest */,
			);
			name = Products;
			sourceTree = "<group>";
		};
		0F87C86619B126FA00E79260 /* Frameworks */ = {
			isa = PBXGroup;
			children = (
				0F87C89619B1387300E79260 /* CoreImage.framework */,
				0F87C86719B126FA00E79260 /* Foundation.framework */,
				0F87C86919B126FA00E79260 /* CoreGraphics.framework */,
				0F87C86B19B126FA00E79260 /* UIKit.framework */,
				0F87C88019B126FA00E79260 /* XCTest.framework */,
				92762649BDA949DEB0251B6D /* libPods.a */,
			);
			name = Frameworks;
			sourceTree = "<group>";
		};
		0F87C86D19B126FA00E79260 /* PGCoreImage */ = {
			isa = PBXGroup;
			children = (
				0FA65CE319BE35CE00021F0F /* Preset Images */,
				0F87C87619B126FA00E79260 /* PGAppDelegate.h */,
				0F87C87719B126FA00E79260 /* PGAppDelegate.m */,
				0F87C87919B126FA00E79260 /* Images.xcassets */,
				0F87C86E19B126FA00E79260 /* Supporting Files */,
				0F87C89819B1396100E79260 /* PGImageViewController.h */,
				0F87C89919B1396100E79260 /* PGImageViewController.m */,
			);
			path = PGCoreImage;
			sourceTree = "<group>";
		};
		0F87C86E19B126FA00E79260 /* Supporting Files */ = {
			isa = PBXGroup;
			children = (
				0F87C86F19B126FA00E79260 /* PGCoreImage-Info.plist */,
				0F87C87019B126FA00E79260 /* InfoPlist.strings */,
				0F87C87319B126FA00E79260 /* main.m */,
				0F87C87519B126FA00E79260 /* PGCoreImage-Prefix.pch */,
			);
			name = "Supporting Files";
			sourceTree = "<group>";
		};
		0F87C88619B126FA00E79260 /* PGCoreImageTests */ = {
			isa = PBXGroup;
			children = (
				0F87C88C19B126FA00E79260 /* PGCoreImageTests.m */,
				0F87C88719B126FA00E79260 /* Supporting Files */,
			);
			path = PGCoreImageTests;
			sourceTree = "<group>";
		};
		0F87C88719B126FA00E79260 /* Supporting Files */ = {
			isa = PBXGroup;
			children = (
				0F87C88819B126FA00E79260 /* PGCoreImageTests-Info.plist */,
				0F87C88919B126FA00E79260 /* InfoPlist.strings */,
			);
			name = "Supporting Files";
			sourceTree = "<group>";
		};
		0FA65CE319BE35CE00021F0F /* Preset Images */ = {
			isa = PBXGroup;
			children = (
				0FA65CE419BE362300021F0F /* preset-1.jpg */,
				0FA65CE619BE36F100021F0F /* preset-2.jpg */,
				0FA65CE819BE38E400021F0F /* preset-3.jpg */,
			);
			name = "Preset Images";
			sourceTree = "<group>";
		};
/* End PBXGroup section */

/* Begin PBXNativeTarget section */
		0F87C86319B126FA00E79260 /* PGCoreImage */ = {
			isa = PBXNativeTarget;
			buildConfigurationList = 0F87C89019B126FA00E79260 /* Build configuration list for PBXNativeTarget "PGCoreImage" */;
			buildPhases = (
				B3C777D2EDB74210B6026A23 /* Check Pods Manifest.lock */,
				0F87C86019B126FA00E79260 /* Sources */,
				0F87C86119B126FA00E79260 /* Frameworks */,
				0F87C86219B126FA00E79260 /* Resources */,
				07FCEEF005AE44218CDD3EBC /* Copy Pods Resources */,
			);
			buildRules = (
			);
			dependencies = (
			);
			name = PGCoreImage;
			productName = PGCoreImage;
			productReference = 0F87C86419B126FA00E79260 /* PGCoreImage.app */;
			productType = "com.apple.product-type.application";
		};
		0F87C87E19B126FA00E79260 /* PGCoreImageTests */ = {
			isa = PBXNativeTarget;
			buildConfigurationList = 0F87C89319B126FA00E79260 /* Build configuration list for PBXNativeTarget "PGCoreImageTests" */;
			buildPhases = (
				0F87C87B19B126FA00E79260 /* Sources */,
				0F87C87C19B126FA00E79260 /* Frameworks */,
				0F87C87D19B126FA00E79260 /* Resources */,
			);
			buildRules = (
			);
			dependencies = (
				0F87C88519B126FA00E79260 /* PBXTargetDependency */,
			);
			name = PGCoreImageTests;
			productName = PGCoreImageTests;
			productReference = 0F87C87F19B126FA00E79260 /* PGCoreImageTests.xctest */;
			productType = "com.apple.product-type.bundle.unit-test";
		};
/* End PBXNativeTarget section */

/* Begin PBXProject section */
		0F87C85C19B126FA00E79260 /* Project object */ = {
			isa = PBXProject;
			attributes = {
				CLASSPREFIX = PG;
				LastUpgradeCheck = 0510;
				ORGANIZATIONNAME = "PC Nguyen";
				TargetAttributes = {
					0F87C87E19B126FA00E79260 = {
						TestTargetID = 0F87C86319B126FA00E79260;
					};
				};
			};
			buildConfigurationList = 0F87C85F19B126FA00E79260 /* Build configuration list for PBXProject "PGCoreImage" */;
			compatibilityVersion = "Xcode 3.2";
			developmentRegion = English;
			hasScannedForEncodings = 0;
			knownRegions = (
				en,
			);
			mainGroup = 0F87C85B19B126FA00E79260;
			productRefGroup = 0F87C86519B126FA00E79260 /* Products */;
			projectDirPath = "";
			projectRoot = "";
			targets = (
				0F87C86319B126FA00E79260 /* PGCoreImage */,
				0F87C87E19B126FA00E79260 /* PGCoreImageTests */,
			);
		};
/* End PBXProject section */

/* Begin PBXResourcesBuildPhase section */
		0F87C86219B126FA00E79260 /* Resources */ = {
			isa = PBXResourcesBuildPhase;
			buildActionMask = 2147483647;
			files = (
				0FA65CE919BE38E400021F0F /* preset-3.jpg in Resources */,
				0FA65CE719BE36F100021F0F /* preset-2.jpg in Resources */,
				0FA65CE519BE362300021F0F /* preset-1.jpg in Resources */,
				0F87C87219B126FA00E79260 /* InfoPlist.strings in Resources */,
				0F87C87A19B126FA00E79260 /* Images.xcassets in Resources */,
			);
			runOnlyForDeploymentPostprocessing = 0;
		};
		0F87C87D19B126FA00E79260 /* Resources */ = {
			isa = PBXResourcesBuildPhase;
			buildActionMask = 2147483647;
			files = (
				0F87C88B19B126FA00E79260 /* InfoPlist.strings in Resources */,
			);
			runOnlyForDeploymentPostprocessing = 0;
		};
/* End PBXResourcesBuildPhase section */

/* Begin PBXShellScriptBuildPhase section */
		07FCEEF005AE44218CDD3EBC /* Copy Pods Resources */ = {
			isa = PBXShellScriptBuildPhase;
			buildActionMask = 2147483647;
			files = (
			);
			inputPaths = (
			);
			name = "Copy Pods Resources";
			outputPaths = (
			);
			runOnlyForDeploymentPostprocessing = 0;
			shellPath = /bin/sh;
			shellScript = "\"${SRCROOT}/Pods/Pods-resources.sh\"\n";
			showEnvVarsInLog = 0;
		};
		B3C777D2EDB74210B6026A23 /* Check Pods Manifest.lock */ = {
			isa = PBXShellScriptBuildPhase;
			buildActionMask = 2147483647;
			files = (
			);
			inputPaths = (
			);
			name = "Check Pods Manifest.lock";
			outputPaths = (
			);
			runOnlyForDeploymentPostprocessing = 0;
			shellPath = /bin/sh;
			shellScript = "diff \"${PODS_ROOT}/../Podfile.lock\" \"${PODS_ROOT}/Manifest.lock\" > /dev/null\nif [[ $? != 0 ]] ; then\n    cat << EOM\nerror: The sandbox is not in sync with the Podfile.lock. Run 'pod install' or update your CocoaPods installation.\nEOM\n    exit 1\nfi\n";
			showEnvVarsInLog = 0;
		};
/* End PBXShellScriptBuildPhase section */

/* Begin PBXSourcesBuildPhase section */
		0F87C86019B126FA00E79260 /* Sources */ = {
			isa = PBXSourcesBuildPhase;
			buildActionMask = 2147483647;
			files = (
				0F87C89A19B1396100E79260 /* PGImageViewController.m in Sources */,
				0F87C87419B126FA00E79260 /* main.m in Sources */,
				0F87C87819B126FA00E79260 /* PGAppDelegate.m in Sources */,
			);
			runOnlyForDeploymentPostprocessing = 0;
		};
		0F87C87B19B126FA00E79260 /* Sources */ = {
			isa = PBXSourcesBuildPhase;
			buildActionMask = 2147483647;
			files = (
				0F87C88D19B126FA00E79260 /* PGCoreImageTests.m in Sources */,
			);
			runOnlyForDeploymentPostprocessing = 0;
		};
/* End PBXSourcesBuildPhase section */

/* Begin PBXTargetDependency section */
		0F87C88519B126FA00E79260 /* PBXTargetDependency */ = {
			isa = PBXTargetDependency;
			target = 0F87C86319B126FA00E79260 /* PGCoreImage */;
			targetProxy = 0F87C88419B126FA00E79260 /* PBXContainerItemProxy */;
		};
/* End PBXTargetDependency section */

/* Begin PBXVariantGroup section */
		0F87C87019B126FA00E79260 /* InfoPlist.strings */ = {
			isa = PBXVariantGroup;
			children = (
				0F87C87119B126FA00E79260 /* en */,
			);
			name = InfoPlist.strings;
			sourceTree = "<group>";
		};
		0F87C88919B126FA00E79260 /* InfoPlist.strings */ = {
			isa = PBXVariantGroup;
			children = (
				0F87C88A19B126FA00E79260 /* en */,
			);
			name = InfoPlist.strings;
			sourceTree = "<group>";
		};
/* End PBXVariantGroup section */

/* Begin XCBuildConfiguration section */
		0F87C88E19B126FA00E79260 /* Debug */ = {
			isa = XCBuildConfiguration;
			buildSettings = {
				ALWAYS_SEARCH_USER_PATHS = NO;
				CLANG_CXX_LANGUAGE_STANDARD = "gnu++0x";
				CLANG_CXX_LIBRARY = "libc++";
				CLANG_ENABLE_MODULES = YES;
				CLANG_ENABLE_OBJC_ARC = YES;
				CLANG_WARN_BOOL_CONVERSION = YES;
				CLANG_WARN_CONSTANT_CONVERSION = YES;
				CLANG_WARN_DIRECT_OBJC_ISA_USAGE = YES_ERROR;
				CLANG_WARN_EMPTY_BODY = YES;
				CLANG_WARN_ENUM_CONVERSION = YES;
				CLANG_WARN_INT_CONVERSION = YES;
				CLANG_WARN_OBJC_ROOT_CLASS = YES_ERROR;
				CLANG_WARN__DUPLICATE_METHOD_MATCH = YES;
				"CODE_SIGN_IDENTITY[sdk=iphoneos*]" = "iPhone Developer";
				COPY_PHASE_STRIP = NO;
				GCC_C_LANGUAGE_STANDARD = gnu99;
				GCC_DYNAMIC_NO_PIC = NO;
				GCC_OPTIMIZATION_LEVEL = 0;
				GCC_PREPROCESSOR_DEFINITIONS = (
					"DEBUG=1",
					"$(inherited)",
				);
				GCC_SYMBOLS_PRIVATE_EXTERN = NO;
				GCC_WARN_64_TO_32_BIT_CONVERSION = YES;
				GCC_WARN_ABOUT_RETURN_TYPE = YES_ERROR;
				GCC_WARN_UNDECLARED_SELECTOR = YES;
				GCC_WARN_UNINITIALIZED_AUTOS = YES_AGGRESSIVE;
				GCC_WARN_UNUSED_FUNCTION = YES;
				GCC_WARN_UNUSED_VARIABLE = YES;
				IPHONEOS_DEPLOYMENT_TARGET = 7.0;
				ONLY_ACTIVE_ARCH = YES;
				SDKROOT = iphoneos;
			};
			name = Debug;
		};
		0F87C88F19B126FA00E79260 /* Release */ = {
			isa = XCBuildConfiguration;
			buildSettings = {
				ALWAYS_SEARCH_USER_PATHS = NO;
				CLANG_CXX_LANGUAGE_STANDARD = "gnu++0x";
				CLANG_CXX_LIBRARY = "libc++";
				CLANG_ENABLE_MODULES = YES;
				CLANG_ENABLE_OBJC_ARC = YES;
				CLANG_WARN_BOOL_CONVERSION = YES;
				CLANG_WARN_CONSTANT_CONVERSION = YES;
				CLANG_WARN_DIRECT_OBJC_ISA_USAGE = YES_ERROR;
				CLANG_WARN_EMPTY_BODY = YES;
				CLANG_WARN_ENUM_CONVERSION = YES;
				CLANG_WARN_INT_CONVERSION = YES;
				CLANG_WARN_OBJC_ROOT_CLASS = YES_ERROR;
				CLANG_WARN__DUPLICATE_METHOD_MATCH = YES;
				"CODE_SIGN_IDENTITY[sdk=iphoneos*]" = "iPhone Developer";
				COPY_PHASE_STRIP = YES;
				ENABLE_NS_ASSERTIONS = NO;
				GCC_C_LANGUAGE_STANDARD = gnu99;
				GCC_WARN_64_TO_32_BIT_CONVERSION = YES;
				GCC_WARN_ABOUT_RETURN_TYPE = YES_ERROR;
				GCC_WARN_UNDECLARED_SELECTOR = YES;
				GCC_WARN_UNINITIALIZED_AUTOS = YES_AGGRESSIVE;
				GCC_WARN_UNUSED_FUNCTION = YES;
				GCC_WARN_UNUSED_VARIABLE = YES;
				IPHONEOS_DEPLOYMENT_TARGET = 7.0;
				SDKROOT = iphoneos;
				VALIDATE_PRODUCT = YES;
			};
			name = Release;
		};
		0F87C89119B126FA00E79260 /* Debug */ = {
			isa = XCBuildConfiguration;
			baseConfigurationReference = 6CDD81E96DC0487A96377ECA /* Pods.xcconfig */;
			buildSettings = {
				ASSETCATALOG_COMPILER_APPICON_NAME = AppIcon;
				ASSETCATALOG_COMPILER_LAUNCHIMAGE_NAME = LaunchImage;
				GCC_PRECOMPILE_PREFIX_HEADER = YES;
				GCC_PREFIX_HEADER = "PGCoreImage/PGCoreImage-Prefix.pch";
				INFOPLIST_FILE = "PGCoreImage/PGCoreImage-Info.plist";
				PRODUCT_NAME = "$(TARGET_NAME)";
				WRAPPER_EXTENSION = app;
			};
			name = Debug;
		};
		0F87C89219B126FA00E79260 /* Release */ = {
			isa = XCBuildConfiguration;
			baseConfigurationReference = 6CDD81E96DC0487A96377ECA /* Pods.xcconfig */;
			buildSettings = {
				ASSETCATALOG_COMPILER_APPICON_NAME = AppIcon;
				ASSETCATALOG_COMPILER_LAUNCHIMAGE_NAME = LaunchImage;
				GCC_PRECOMPILE_PREFIX_HEADER = YES;
				GCC_PREFIX_HEADER = "PGCoreImage/PGCoreImage-Prefix.pch";
				INFOPLIST_FILE = "PGCoreImage/PGCoreImage-Info.plist";
				PRODUCT_NAME = "$(TARGET_NAME)";
				WRAPPER_EXTENSION = app;
			};
			name = Release;
		};
		0F87C89419B126FA00E79260 /* Debug */ = {
			isa = XCBuildConfiguration;
			buildSettings = {
				BUNDLE_LOADER = "$(BUILT_PRODUCTS_DIR)/PGCoreImage.app/PGCoreImage";
				FRAMEWORK_SEARCH_PATHS = (
					"$(SDKROOT)/Developer/Library/Frameworks",
					"$(inherited)",
					"$(DEVELOPER_FRAMEWORKS_DIR)",
				);
				GCC_PRECOMPILE_PREFIX_HEADER = YES;
				GCC_PREFIX_HEADER = "PGCoreImage/PGCoreImage-Prefix.pch";
				GCC_PREPROCESSOR_DEFINITIONS = (
					"DEBUG=1",
					"$(inherited)",
				);
				INFOPLIST_FILE = "PGCoreImageTests/PGCoreImageTests-Info.plist";
				PRODUCT_NAME = "$(TARGET_NAME)";
				TEST_HOST = "$(BUNDLE_LOADER)";
				WRAPPER_EXTENSION = xctest;
			};
			name = Debug;
		};
		0F87C89519B126FA00E79260 /* Release */ = {
			isa = XCBuildConfiguration;
			buildSettings = {
				BUNDLE_LOADER = "$(BUILT_PRODUCTS_DIR)/PGCoreImage.app/PGCoreImage";
				FRAMEWORK_SEARCH_PATHS = (
					"$(SDKROOT)/Developer/Library/Frameworks",
					"$(inherited)",
					"$(DEVELOPER_FRAMEWORKS_DIR)",
				);
				GCC_PRECOMPILE_PREFIX_HEADER = YES;
				GCC_PREFIX_HEADER = "PGCoreImage/PGCoreImage-Prefix.pch";
				INFOPLIST_FILE = "PGCoreImageTests/PGCoreImageTests-Info.plist";
				PRODUCT_NAME = "$(TARGET_NAME)";
				TEST_HOST = "$(BUNDLE_LOADER)";
				WRAPPER_EXTENSION = xctest;
			};
			name = Release;
		};
/* End XCBuildConfiguration section */

/* Begin XCConfigurationList section */
		0F87C85F19B126FA00E79260 /* Build configuration list for PBXProject "PGCoreImage" */ = {
			isa = XCConfigurationList;
			buildConfigurations = (
				0F87C88E19B126FA00E79260 /* Debug */,
				0F87C88F19B126FA00E79260 /* Release */,
			);
			defaultConfigurationIsVisible = 0;
			defaultConfigurationName = Release;
		};
		0F87C89019B126FA00E79260 /* Build configuration list for PBXNativeTarget "PGCoreImage" */ = {
			isa = XCConfigurationList;
			buildConfigurations = (
				0F87C89119B126FA00E79260 /* Debug */,
				0F87C89219B126FA00E79260 /* Release */,
			);
			defaultConfigurationIsVisible = 0;
			defaultConfigurationName = Release;
		};
		0F87C89319B126FA00E79260 /* Build configuration list for PBXNativeTarget "PGCoreImageTests" */ = {
			isa = XCConfigurationList;
			buildConfigurations = (
				0F87C89419B126FA00E79260 /* Debug */,
				0F87C89519B126FA00E79260 /* Release */,
			);
			defaultConfigurationIsVisible = 0;
			defaultConfigurationName = Release;
		};
/* End XCConfigurationList section */
	};
	rootObject = 0F87C85C19B126FA00E79260 /* Project object */;
}
